// !$*UTF8*$!
{
	archiveVersion = 1;
	classes = {
	};
	objectVersion = 56;
	objects = {

/* Begin PBXBuildFile section */
		6C1A632E2935A479005C4846 /* Resource.swift in Sources */ = {isa = PBXBuildFile; fileRef = 6C1A632D2935A479005C4846 /* Resource.swift */; };
		6C87952729351D620063AA32 /* StorePlatziApp.swift in Sources */ = {isa = PBXBuildFile; fileRef = 6C87952629351D620063AA32 /* StorePlatziApp.swift */; };
		6C87952B29351D670063AA32 /* Assets.xcassets in Resources */ = {isa = PBXBuildFile; fileRef = 6C87952A29351D670063AA32 /* Assets.xcassets */; };
		6C87952E29351D670063AA32 /* Preview Assets.xcassets in Resources */ = {isa = PBXBuildFile; fileRef = 6C87952D29351D670063AA32 /* Preview Assets.xcassets */; };
		6C87953529351F5A0063AA32 /* URL+Extensions.swift in Sources */ = {isa = PBXBuildFile; fileRef = 6C87953429351F5A0063AA32 /* URL+Extensions.swift */; };
		6C879539293520EF0063AA32 /* StoreHTTPClient.swift in Sources */ = {isa = PBXBuildFile; fileRef = 6C879538293520EF0063AA32 /* StoreHTTPClient.swift */; };
		6C87953C293521D20063AA32 /* Category.swift in Sources */ = {isa = PBXBuildFile; fileRef = 6C87953B293521D20063AA32 /* Category.swift */; };
		6C87953E293523320063AA32 /* StoreModel.swift in Sources */ = {isa = PBXBuildFile; fileRef = 6C87953D293523320063AA32 /* StoreModel.swift */; };
		6C879541293525B80063AA32 /* CategoryListScreen.swift in Sources */ = {isa = PBXBuildFile; fileRef = 6C879540293525B80063AA32 /* CategoryListScreen.swift */; };
		6C87954529352F090063AA32 /* Product.swift in Sources */ = {isa = PBXBuildFile; fileRef = 6C87954429352F090063AA32 /* Product.swift */; };
		6C879547293533A90063AA32 /* ProductListScreen.swift in Sources */ = {isa = PBXBuildFile; fileRef = 6C879546293533A90063AA32 /* ProductListScreen.swift */; };
		6C87954A293536340063AA32 /* ProductCellView.swift in Sources */ = {isa = PBXBuildFile; fileRef = 6C879549293536340063AA32 /* ProductCellView.swift */; };
		6C87954C293539510063AA32 /* Locale+Extensions.swift in Sources */ = {isa = PBXBuildFile; fileRef = 6C87954B293539510063AA32 /* Locale+Extensions.swift */; };
/* End PBXBuildFile section */

/* Begin PBXFileReference section */
		6C1A632D2935A479005C4846 /* Resource.swift */ = {isa = PBXFileReference; lastKnownFileType = sourcecode.swift; path = Resource.swift; sourceTree = "<group>"; };
		6C87952329351D620063AA32 /* StorePlatzi.app */ = {isa = PBXFileReference; explicitFileType = wrapper.application; includeInIndex = 0; path = StorePlatzi.app; sourceTree = BUILT_PRODUCTS_DIR; };
		6C87952629351D620063AA32 /* StorePlatziApp.swift */ = {isa = PBXFileReference; lastKnownFileType = sourcecode.swift; path = StorePlatziApp.swift; sourceTree = "<group>"; };
		6C87952A29351D670063AA32 /* Assets.xcassets */ = {isa = PBXFileReference; lastKnownFileType = folder.assetcatalog; path = Assets.xcassets; sourceTree = "<group>"; };
		6C87952D29351D670063AA32 /* Preview Assets.xcassets */ = {isa = PBXFileReference; lastKnownFileType = folder.assetcatalog; path = "Preview Assets.xcassets"; sourceTree = "<group>"; };
		6C87953429351F5A0063AA32 /* URL+Extensions.swift */ = {isa = PBXFileReference; lastKnownFileType = sourcecode.swift; path = "URL+Extensions.swift"; sourceTree = "<group>"; };
		6C879538293520EF0063AA32 /* StoreHTTPClient.swift */ = {isa = PBXFileReference; lastKnownFileType = sourcecode.swift; path = StoreHTTPClient.swift; sourceTree = "<group>"; };
		6C87953B293521D20063AA32 /* Category.swift */ = {isa = PBXFileReference; lastKnownFileType = sourcecode.swift; path = Category.swift; sourceTree = "<group>"; };
		6C87953D293523320063AA32 /* StoreModel.swift */ = {isa = PBXFileReference; lastKnownFileType = sourcecode.swift; path = StoreModel.swift; sourceTree = "<group>"; };
		6C879540293525B80063AA32 /* CategoryListScreen.swift */ = {isa = PBXFileReference; lastKnownFileType = sourcecode.swift; path = CategoryListScreen.swift; sourceTree = "<group>"; };
		6C87954429352F090063AA32 /* Product.swift */ = {isa = PBXFileReference; lastKnownFileType = sourcecode.swift; path = Product.swift; sourceTree = "<group>"; };
		6C879546293533A90063AA32 /* ProductListScreen.swift */ = {isa = PBXFileReference; lastKnownFileType = sourcecode.swift; path = ProductListScreen.swift; sourceTree = "<group>"; };
		6C879549293536340063AA32 /* ProductCellView.swift */ = {isa = PBXFileReference; lastKnownFileType = sourcecode.swift; path = ProductCellView.swift; sourceTree = "<group>"; };
		6C87954B293539510063AA32 /* Locale+Extensions.swift */ = {isa = PBXFileReference; lastKnownFileType = sourcecode.swift; path = "Locale+Extensions.swift"; sourceTree = "<group>"; };
/* End PBXFileReference section */

/* Begin PBXFrameworksBuildPhase section */
		6C87952029351D620063AA32 /* Frameworks */ = {
			isa = PBXFrameworksBuildPhase;
			buildActionMask = 2147483647;
			files = (
			);
			runOnlyForDeploymentPostprocessing = 0;
		};
/* End PBXFrameworksBuildPhase section */

/* Begin PBXGroup section */
		6C87951A29351D620063AA32 = {
			isa = PBXGroup;
			children = (
				6C87952529351D620063AA32 /* StorePlatzi */,
				6C87952429351D620063AA32 /* Products */,
			);
			sourceTree = "<group>";
		};
		6C87952429351D620063AA32 /* Products */ = {
			isa = PBXGroup;
			children = (
				6C87952329351D620063AA32 /* StorePlatzi.app */,
			);
			name = Products;
			sourceTree = "<group>";
		};
		6C87952529351D620063AA32 /* StorePlatzi */ = {
			isa = PBXGroup;
			children = (
				6C879548293536250063AA32 /* Views */,
				6C87953F293525950063AA32 /* Screens */,
				6C87953A293521CA0063AA32 /* Models */,
				6C879537293520D30063AA32 /* Clients */,
				6C87952629351D620063AA32 /* StorePlatziApp.swift */,
				6C87952A29351D670063AA32 /* Assets.xcassets */,
				6C87952C29351D670063AA32 /* Preview Content */,
				6C87953629351F5E0063AA32 /* Extensions */,
			);
			path = StorePlatzi;
			sourceTree = "<group>";
		};
		6C87952C29351D670063AA32 /* Preview Content */ = {
			isa = PBXGroup;
			children = (
				6C87952D29351D670063AA32 /* Preview Assets.xcassets */,
			);
			path = "Preview Content";
			sourceTree = "<group>";
		};
		6C87953629351F5E0063AA32 /* Extensions */ = {
			isa = PBXGroup;
			children = (
				6C87953429351F5A0063AA32 /* URL+Extensions.swift */,
				6C87954B293539510063AA32 /* Locale+Extensions.swift */,
			);
			path = Extensions;
			sourceTree = "<group>";
		};
		6C879537293520D30063AA32 /* Clients */ = {
			isa = PBXGroup;
			children = (
				6C879538293520EF0063AA32 /* StoreHTTPClient.swift */,
				6C1A632D2935A479005C4846 /* Resource.swift */,
			);
			path = Clients;
			sourceTree = "<group>";
		};
		6C87953A293521CA0063AA32 /* Models */ = {
			isa = PBXGroup;
			children = (
				6C87953B293521D20063AA32 /* Category.swift */,
				6C87953D293523320063AA32 /* StoreModel.swift */,
				6C87954429352F090063AA32 /* Product.swift */,
			);
			path = Models;
			sourceTree = "<group>";
		};
		6C87953F293525950063AA32 /* Screens */ = {
			isa = PBXGroup;
			children = (
				6C879540293525B80063AA32 /* CategoryListScreen.swift */,
				6C879546293533A90063AA32 /* ProductListScreen.swift */,
			);
			path = Screens;
			sourceTree = "<group>";
		};
		6C879548293536250063AA32 /* Views */ = {
			isa = PBXGroup;
			children = (
				6C879549293536340063AA32 /* ProductCellView.swift */,
			);
			path = Views;
			sourceTree = "<group>";
		};
/* End PBXGroup section */

/* Begin PBXNativeTarget section */
		6C87952229351D620063AA32 /* StorePlatzi */ = {
			isa = PBXNativeTarget;
			buildConfigurationList = 6C87953129351D670063AA32 /* Build configuration list for PBXNativeTarget "StorePlatzi" */;
			buildPhases = (
				6C87951F29351D620063AA32 /* Sources */,
				6C87952029351D620063AA32 /* Frameworks */,
				6C87952129351D620063AA32 /* Resources */,
			);
			buildRules = (
			);
			dependencies = (
			);
			name = StorePlatzi;
			productName = StorePlatzi;
			productReference = 6C87952329351D620063AA32 /* StorePlatzi.app */;
			productType = "com.apple.product-type.application";
		};
/* End PBXNativeTarget section */

/* Begin PBXProject section */
		6C87951B29351D620063AA32 /* Project object */ = {
			isa = PBXProject;
			attributes = {
				BuildIndependentTargetsInParallel = 1;
				LastSwiftUpdateCheck = 1400;
				LastUpgradeCheck = 1400;
				TargetAttributes = {
					6C87952229351D620063AA32 = {
						CreatedOnToolsVersion = 14.0.1;
					};
				};
			};
			buildConfigurationList = 6C87951E29351D620063AA32 /* Build configuration list for PBXProject "StorePlatzi" */;
			compatibilityVersion = "Xcode 14.0";
			developmentRegion = en;
			hasScannedForEncodings = 0;
			knownRegions = (
				en,
				Base,
			);
			mainGroup = 6C87951A29351D620063AA32;
			productRefGroup = 6C87952429351D620063AA32 /* Products */;
			projectDirPath = "";
			projectRoot = "";
			targets = (
				6C87952229351D620063AA32 /* StorePlatzi */,
			);
		};
/* End PBXProject section */

/* Begin PBXResourcesBuildPhase section */
		6C87952129351D620063AA32 /* Resources */ = {
			isa = PBXResourcesBuildPhase;
			buildActionMask = 2147483647;
			files = (
				6C87952E29351D670063AA32 /* Preview Assets.xcassets in Resources */,
				6C87952B29351D670063AA32 /* Assets.xcassets in Resources */,
			);
			runOnlyForDeploymentPostprocessing = 0;
		};
/* End PBXResourcesBuildPhase section */

/* Begin PBXSourcesBuildPhase section */
		6C87951F29351D620063AA32 /* Sources */ = {
			isa = PBXSourcesBuildPhase;
			buildActionMask = 2147483647;
			files = (
				6C879539293520EF0063AA32 /* StoreHTTPClient.swift in Sources */,
				6C87954A293536340063AA32 /* ProductCellView.swift in Sources */,
				6C87953C293521D20063AA32 /* Category.swift in Sources */,
				6C1A632E2935A479005C4846 /* Resource.swift in Sources */,
				6C87953529351F5A0063AA32 /* URL+Extensions.swift in Sources */,
				6C87952729351D620063AA32 /* StorePlatziApp.swift in Sources */,
				6C879541293525B80063AA32 /* CategoryListScreen.swift in Sources */,
				6C87953E293523320063AA32 /* StoreModel.swift in Sources */,
				6C87954529352F090063AA32 /* Product.swift in Sources */,
				6C879547293533A90063AA32 /* ProductListScreen.swift in Sources */,
				6C87954C293539510063AA32 /* Locale+Extensions.swift in Sources */,
			);
			runOnlyForDeploymentPostprocessing = 0;
		};
/* End PBXSourcesBuildPhase section */

/* Begin XCBuildConfiguration section */
		6C87952F29351D670063AA32 /* Debug */ = {
			isa = XCBuildConfiguration;
			buildSettings = {
				ALWAYS_SEARCH_USER_PATHS = NO;
				CLANG_ANALYZER_NONNULL = YES;
				CLANG_ANALYZER_NUMBER_OBJECT_CONVERSION = YES_AGGRESSIVE;
				CLANG_CXX_LANGUAGE_STANDARD = "gnu++20";
				CLANG_ENABLE_MODULES = YES;
				CLANG_ENABLE_OBJC_ARC = YES;
				CLANG_ENABLE_OBJC_WEAK = YES;
				CLANG_WARN_BLOCK_CAPTURE_AUTORELEASING = YES;
				CLANG_WARN_BOOL_CONVERSION = YES;
				CLANG_WARN_COMMA = YES;
				CLANG_WARN_CONSTANT_CONVERSION = YES;
				CLANG_WARN_DEPRECATED_OBJC_IMPLEMENTATIONS = YES;
				CLANG_WARN_DIRECT_OBJC_ISA_USAGE = YES_ERROR;
				CLANG_WARN_DOCUMENTATION_COMMENTS = YES;
				CLANG_WARN_EMPTY_BODY = YES;
				CLANG_WARN_ENUM_CONVERSION = YES;
				CLANG_WARN_INFINITE_RECURSION = YES;
				CLANG_WARN_INT_CONVERSION = YES;
				CLANG_WARN_NON_LITERAL_NULL_CONVERSION = YES;
				CLANG_WARN_OBJC_IMPLICIT_RETAIN_SELF = YES;
				CLANG_WARN_OBJC_LITERAL_CONVERSION = YES;
				CLANG_WARN_OBJC_ROOT_CLASS = YES_ERROR;
				CLANG_WARN_QUOTED_INCLUDE_IN_FRAMEWORK_HEADER = YES;
				CLANG_WARN_RANGE_LOOP_ANALYSIS = YES;
				CLANG_WARN_STRICT_PROTOTYPES = YES;
				CLANG_WARN_SUSPICIOUS_MOVE = YES;
				CLANG_WARN_UNGUARDED_AVAILABILITY = YES_AGGRESSIVE;
				CLANG_WARN_UNREACHABLE_CODE = YES;
				CLANG_WARN__DUPLICATE_METHOD_MATCH = YES;
				COPY_PHASE_STRIP = NO;
				DEBUG_INFORMATION_FORMAT = dwarf;
				ENABLE_STRICT_OBJC_MSGSEND = YES;
				ENABLE_TESTABILITY = YES;
				GCC_C_LANGUAGE_STANDARD = gnu11;
				GCC_DYNAMIC_NO_PIC = NO;
				GCC_NO_COMMON_BLOCKS = YES;
				GCC_OPTIMIZATION_LEVEL = 0;
				GCC_PREPROCESSOR_DEFINITIONS = (
					"DEBUG=1",
					"$(inherited)",
				);
				GCC_WARN_64_TO_32_BIT_CONVERSION = YES;
				GCC_WARN_ABOUT_RETURN_TYPE = YES_ERROR;
				GCC_WARN_UNDECLARED_SELECTOR = YES;
				GCC_WARN_UNINITIALIZED_AUTOS = YES_AGGRESSIVE;
				GCC_WARN_UNUSED_FUNCTION = YES;
				GCC_WARN_UNUSED_VARIABLE = YES;
				IPHONEOS_DEPLOYMENT_TARGET = 16.0;
				MTL_ENABLE_DEBUG_INFO = INCLUDE_SOURCE;
				MTL_FAST_MATH = YES;
				ONLY_ACTIVE_ARCH = YES;
				SDKROOT = iphoneos;
				SWIFT_ACTIVE_COMPILATION_CONDITIONS = DEBUG;
				SWIFT_OPTIMIZATION_LEVEL = "-Onone";
			};
			name = Debug;
		};
		6C87953029351D670063AA32 /* Release */ = {
			isa = XCBuildConfiguration;
			buildSettings = {
				ALWAYS_SEARCH_USER_PATHS = NO;
				CLANG_ANALYZER_NONNULL = YES;
				CLANG_ANALYZER_NUMBER_OBJECT_CONVERSION = YES_AGGRESSIVE;
				CLANG_CXX_LANGUAGE_STANDARD = "gnu++20";
				CLANG_ENABLE_MODULES = YES;
				CLANG_ENABLE_OBJC_ARC = YES;
				CLANG_ENABLE_OBJC_WEAK = YES;
				CLANG_WARN_BLOCK_CAPTURE_AUTORELEASING = YES;
				CLANG_WARN_BOOL_CONVERSION = YES;
				CLANG_WARN_COMMA = YES;
				CLANG_WARN_CONSTANT_CONVERSION = YES;
				CLANG_WARN_DEPRECATED_OBJC_IMPLEMENTATIONS = YES;
				CLANG_WARN_DIRECT_OBJC_ISA_USAGE = YES_ERROR;
				CLANG_WARN_DOCUMENTATION_COMMENTS = YES;
				CLANG_WARN_EMPTY_BODY = YES;
				CLANG_WARN_ENUM_CONVERSION = YES;
				CLANG_WARN_INFINITE_RECURSION = YES;
				CLANG_WARN_INT_CONVERSION = YES;
				CLANG_WARN_NON_LITERAL_NULL_CONVERSION = YES;
				CLANG_WARN_OBJC_IMPLICIT_RETAIN_SELF = YES;
				CLANG_WARN_OBJC_LITERAL_CONVERSION = YES;
				CLANG_WARN_OBJC_ROOT_CLASS = YES_ERROR;
				CLANG_WARN_QUOTED_INCLUDE_IN_FRAMEWORK_HEADER = YES;
				CLANG_WARN_RANGE_LOOP_ANALYSIS = YES;
				CLANG_WARN_STRICT_PROTOTYPES = YES;
				CLANG_WARN_SUSPICIOUS_MOVE = YES;
				CLANG_WARN_UNGUARDED_AVAILABILITY = YES_AGGRESSIVE;
				CLANG_WARN_UNREACHABLE_CODE = YES;
				CLANG_WARN__DUPLICATE_METHOD_MATCH = YES;
				COPY_PHASE_STRIP = NO;
				DEBUG_INFORMATION_FORMAT = "dwarf-with-dsym";
				ENABLE_NS_ASSERTIONS = NO;
				ENABLE_STRICT_OBJC_MSGSEND = YES;
				GCC_C_LANGUAGE_STANDARD = gnu11;
				GCC_NO_COMMON_BLOCKS = YES;
				GCC_WARN_64_TO_32_BIT_CONVERSION = YES;
				GCC_WARN_ABOUT_RETURN_TYPE = YES_ERROR;
				GCC_WARN_UNDECLARED_SELECTOR = YES;
				GCC_WARN_UNINITIALIZED_AUTOS = YES_AGGRESSIVE;
				GCC_WARN_UNUSED_FUNCTION = YES;
				GCC_WARN_UNUSED_VARIABLE = YES;
				IPHONEOS_DEPLOYMENT_TARGET = 16.0;
				MTL_ENABLE_DEBUG_INFO = NO;
				MTL_FAST_MATH = YES;
				SDKROOT = iphoneos;
				SWIFT_COMPILATION_MODE = wholemodule;
				SWIFT_OPTIMIZATION_LEVEL = "-O";
				VALIDATE_PRODUCT = YES;
			};
			name = Release;
		};
		6C87953229351D670063AA32 /* Debug */ = {
			isa = XCBuildConfiguration;
			buildSettings = {
				ASSETCATALOG_COMPILER_APPICON_NAME = AppIcon;
				ASSETCATALOG_COMPILER_GLOBAL_ACCENT_COLOR_NAME = AccentColor;
				CODE_SIGN_STYLE = Automatic;
				CURRENT_PROJECT_VERSION = 1;
				DEVELOPMENT_ASSET_PATHS = "\"StorePlatzi/Preview Content\"";
				DEVELOPMENT_TEAM = V5U53J8M62;
				ENABLE_PREVIEWS = YES;
				GENERATE_INFOPLIST_FILE = YES;
				INFOPLIST_KEY_UIApplicationSceneManifest_Generation = YES;
				INFOPLIST_KEY_UIApplicationSupportsIndirectInputEvents = YES;
				INFOPLIST_KEY_UILaunchScreen_Generation = YES;
				INFOPLIST_KEY_UISupportedInterfaceOrientations_iPad = "UIInterfaceOrientationPortrait UIInterfaceOrientationPortraitUpsideDown UIInterfaceOrientationLandscapeLeft UIInterfaceOrientationLandscapeRight";
				INFOPLIST_KEY_UISupportedInterfaceOrientations_iPhone = "UIInterfaceOrientationPortrait UIInterfaceOrientationLandscapeLeft UIInterfaceOrientationLandscapeRight";
				LD_RUNPATH_SEARCH_PATHS = (
					"$(inherited)",
					"@executable_path/Frameworks",
				);
				MARKETING_VERSION = 1.0;
				PRODUCT_BUNDLE_IDENTIFIER = mx.mobilestudio.StorePlatzi;
				PRODUCT_NAME = "$(TARGET_NAME)";
				SWIFT_EMIT_LOC_STRINGS = YES;
				SWIFT_VERSION = 5.0;
				TARGETED_DEVICE_FAMILY = "1,2";
			};
			name = Debug;
		};
		6C87953329351D670063AA32 /* Release */ = {
			isa = XCBuildConfiguration;
			buildSettings = {
				ASSETCATALOG_COMPILER_APPICON_NAME = AppIcon;
				ASSETCATALOG_COMPILER_GLOBAL_ACCENT_COLOR_NAME = AccentColor;
				CODE_SIGN_STYLE = Automatic;
				CURRENT_PROJECT_VERSION = 1;
				DEVELOPMENT_ASSET_PATHS = "\"StorePlatzi/Preview Content\"";
				DEVELOPMENT_TEAM = V5U53J8M62;
				ENABLE_PREVIEWS = YES;
				GENERATE_INFOPLIST_FILE = YES;
				INFOPLIST_KEY_UIApplicationSceneManifest_Generation = YES;
				INFOPLIST_KEY_UIApplicationSupportsIndirectInputEvents = YES;
				INFOPLIST_KEY_UILaunchScreen_Generation = YES;
				INFOPLIST_KEY_UISupportedInterfaceOrientations_iPad = "UIInterfaceOrientationPortrait UIInterfaceOrientationPortraitUpsideDown UIInterfaceOrientationLandscapeLeft UIInterfaceOrientationLandscapeRight";
				INFOPLIST_KEY_UISupportedInterfaceOrientations_iPhone = "UIInterfaceOrientationPortrait UIInterfaceOrientationLandscapeLeft UIInterfaceOrientationLandscapeRight";
				LD_RUNPATH_SEARCH_PATHS = (
					"$(inherited)",
					"@executable_path/Frameworks",
				);
				MARKETING_VERSION = 1.0;
				PRODUCT_BUNDLE_IDENTIFIER = mx.mobilestudio.StorePlatzi;
				PRODUCT_NAME = "$(TARGET_NAME)";
				SWIFT_EMIT_LOC_STRINGS = YES;
				SWIFT_VERSION = 5.0;
				TARGETED_DEVICE_FAMILY = "1,2";
			};
			name = Release;
		};
/* End XCBuildConfiguration section */

/* Begin XCConfigurationList section */
		6C87951E29351D620063AA32 /* Build configuration list for PBXProject "StorePlatzi" */ = {
			isa = XCConfigurationList;
			buildConfigurations = (
				6C87952F29351D670063AA32 /* Debug */,
				6C87953029351D670063AA32 /* Release */,
			);
			defaultConfigurationIsVisible = 0;
			defaultConfigurationName = Release;
		};
		6C87953129351D670063AA32 /* Build configuration list for PBXNativeTarget "StorePlatzi" */ = {
			isa = XCConfigurationList;
			buildConfigurations = (
				6C87953229351D670063AA32 /* Debug */,
				6C87953329351D670063AA32 /* Release */,
			);
			defaultConfigurationIsVisible = 0;
			defaultConfigurationName = Release;
		};
/* End XCConfigurationList section */
	};
	rootObject = 6C87951B29351D620063AA32 /* Project object */;
}
